
Microsoft Visual Studio Solution File, Format Version 12.00
# Visual Studio Version 17
VisualStudioVersion = 17.4.33122.133
MinimumVisualStudioVersion = 10.0.40219.1
Project("{FAE04EC0-301F-11D3-BF4B-00C04F79EFBC}") = "NenAPI", "NenAPI\NenAPI.csproj", "{5B91F132-193A-4122-B281-E74AF7FE2DD1}"
EndProject
Global
	GlobalSection(SolutionConfigurationPlatforms) = preSolution
		Debug|Any CPU = Debug|Any CPU
		Release|Any CPU = Release|Any CPU
	EndGlobalSection
	GlobalSection(ProjectConfigurationPlatforms) = postSolution
		{5B91F132-193A-4122-B281-E74AF7FE2DD1}.Debug|Any CPU.ActiveCfg = Debug|Any CPU
		{5B91F132-193A-4122-B281-E74AF7FE2DD1}.Debug|Any CPU.Build.0 = Debug|Any CPU
		{5B91F132-193A-4122-B281-E74AF7FE2DD1}.Release|Any CPU.ActiveCfg = Release|Any CPU
		{5B91F132-193A-4122-B281-E74AF7FE2DD1}.Release|Any CPU.Build.0 = Release|Any CPU
	EndGlobalSection
	GlobalSection(SolutionProperties) = preSolution
		HideSolutionNode = FALSE
	EndGlobalSection
	GlobalSection(ExtensibilityGlobals) = postSolution
		SolutionGuid = {BDC547D4-B7D0-4CB9-B737-AF233B192003}
	EndGlobalSection
EndGlobal
